
Microsoft Visual Studio Solution File, Format Version 12.00
# Visual Studio Version 17
VisualStudioVersion = 17.1.32228.430
MinimumVisualStudioVersion = 10.0.40219.1
Project("{FAE04EC0-301F-11D3-BF4B-00C04F79EFBC}") = "StudentData", "StudentData\StudentData.csproj", "{218924C3-4EC4-402E-8B69-3772675329A5}"
EndProject
Global
	GlobalSection(SolutionConfigurationPlatforms) = preSolution
		Debug|Any CPU = Debug|Any CPU
		Release|Any CPU = Release|Any CPU
	EndGlobalSection
	GlobalSection(ProjectConfigurationPlatforms) = postSolution
		{218924C3-4EC4-402E-8B69-3772675329A5}.Debug|Any CPU.ActiveCfg = Debug|Any CPU
		{218924C3-4EC4-402E-8B69-3772675329A5}.Debug|Any CPU.Build.0 = Debug|Any CPU
		{218924C3-4EC4-402E-8B69-3772675329A5}.Release|Any CPU.ActiveCfg = Release|Any CPU
		{218924C3-4EC4-402E-8B69-3772675329A5}.Release|Any CPU.Build.0 = Release|Any CPU
	EndGlobalSection
	GlobalSection(SolutionProperties) = preSolution
		HideSolutionNode = FALSE
	EndGlobalSection
	GlobalSection(ExtensibilityGlobals) = postSolution
		SolutionGuid = {760951C2-07D7-4B2F-A6FA-AEA7185DB248}
	EndGlobalSection
EndGlobal
